
Microsoft Visual Studio Solution File, Format Version 12.00
# Visual Studio 15
Project("{FAE04EC0-301F-11D3-BF4B-00C04F79EFBC}") = "UnityEngine.UI", "UnityEngine.UI.csproj", "{55561679-B7B1-DB1C-FC20-CFBBC46CE376}"
EndProject
Project("{FAE04EC0-301F-11D3-BF4B-00C04F79EFBC}") = "UnityEngine.TestRunner", "UnityEngine.TestRunner.csproj", "{817EC21A-3DC5-27AA-F063-B73006C024B4}"
EndProject
Project("{FAE04EC0-301F-11D3-BF4B-00C04F79EFBC}") = "Unity.Mathematics", "Unity.Mathematics.csproj", "{61251409-4B3A-12BA-1370-0CD20F164A2A}"
EndProject
Project("{FAE04EC0-301F-11D3-BF4B-00C04F79EFBC}") = "Unity.Timeline", "Unity.Timeline.csproj", "{549AA004-A893-F079-8986-A363FBF94E08}"
EndProject
Project("{FAE04EC0-301F-11D3-BF4B-00C04F79EFBC}") = "Unity.TextMeshPro", "Unity.TextMeshPro.csproj", "{8B480334-59B4-0202-625E-69188625C3C4}"
EndProject
Project("{FAE04EC0-301F-11D3-BF4B-00C04F79EFBC}") = "Unity.2D.Animation.Runtime", "Unity.2D.Animation.Runtime.csproj", "{3F28ECD9-4340-CAE1-95AB-1F22393B9E01}"
EndProject
Project("{FAE04EC0-301F-11D3-BF4B-00C04F79EFBC}") = "Assembly-CSharp", "Assembly-CSharp.csproj", "{4AE6393A-8C45-7BC3-0159-A57D34CBDFB6}"
EndProject
Project("{FAE04EC0-301F-11D3-BF4B-00C04F79EFBC}") = "Unity.2D.IK.Runtime", "Unity.2D.IK.Runtime.csproj", "{289F1108-49FD-24BA-5DDE-518DD92E647B}"
EndProject
Project("{FAE04EC0-301F-11D3-BF4B-00C04F79EFBC}") = "Unity.2D.SpriteShape.Runtime", "Unity.2D.SpriteShape.Runtime.csproj", "{CE4F3343-5326-4929-7856-B368E0477837}"
EndProject
Project("{FAE04EC0-301F-11D3-BF4B-00C04F79EFBC}") = "Unity.2D.PixelPerfect", "Unity.2D.PixelPerfect.csproj", "{BD26F350-AC60-8A2E-2634-7C514729C02C}"
EndProject
Project("{FAE04EC0-301F-11D3-BF4B-00C04F79EFBC}") = "Unity.2D.Common.Runtime", "Unity.2D.Common.Runtime.csproj", "{58997AC9-999D-07D8-DA26-67A9628ADBF8}"
EndProject
Project("{FAE04EC0-301F-11D3-BF4B-00C04F79EFBC}") = "Unity.InternalAPIEngineBridge.001", "Unity.InternalAPIEngineBridge.001.csproj", "{1CD06F3D-E6FE-986D-E1C7-EAB7CC0E55C3}"
EndProject
Project("{FAE04EC0-301F-11D3-BF4B-00C04F79EFBC}") = "UnityEditor.TestRunner", "UnityEditor.TestRunner.csproj", "{86295255-CD40-33CE-020E-F580F95466C1}"
EndProject
Project("{FAE04EC0-301F-11D3-BF4B-00C04F79EFBC}") = "Unity.PlasticSCM.Editor", "Unity.PlasticSCM.Editor.csproj", "{05CBABA6-C4F2-95FB-1DA2-58A27CF52EC6}"
EndProject
Project("{FAE04EC0-301F-11D3-BF4B-00C04F79EFBC}") = "Unity.2D.Animation.Triangle.Editor", "Unity.2D.Animation.Triangle.Editor.csproj", "{3E3473E3-761A-D3B5-649C-9B532288BC4F}"
EndProject
Project("{FAE04EC0-301F-11D3-BF4B-00C04F79EFBC}") = "UnityEditor.UI", "UnityEditor.UI.csproj", "{26B956E9-B5C8-8D1E-0B98-5AC3F74F9AAF}"
EndProject
Project("{FAE04EC0-301F-11D3-BF4B-00C04F79EFBC}") = "Unity.Services.Core.Editor", "Unity.Services.Core.Editor.csproj", "{DFB63745-1BA4-7F43-5B1D-718E3BF32170}"
EndProject
Project("{FAE04EC0-301F-11D3-BF4B-00C04F79EFBC}") = "Unity.Timeline.Editor", "Unity.Timeline.Editor.csproj", "{29CD5F1E-09E8-C8C6-D885-CAE683148777}"
EndProject
Project("{FAE04EC0-301F-11D3-BF4B-00C04F79EFBC}") = "Unity.VisualStudio.Editor", "Unity.VisualStudio.Editor.csproj", "{48CEBCD4-0FE2-0DEA-FA56-1234E7CD243E}"
EndProject
Project("{FAE04EC0-301F-11D3-BF4B-00C04F79EFBC}") = "Unity.2D.Psdimporter.Editor", "Unity.2D.Psdimporter.Editor.csproj", "{F3E31F39-9B2B-AD20-E9CF-7895D00D4B1F}"
EndProject
Project("{FAE04EC0-301F-11D3-BF4B-00C04F79EFBC}") = "Unity.2D.Animation.Editor", "Unity.2D.Animation.Editor.csproj", "{81FC6CB3-574C-D0B8-AFB3-F457F96C6FEE}"
EndProject
Project("{FAE04EC0-301F-11D3-BF4B-00C04F79EFBC}") = "Unity.TextMeshPro.Editor", "Unity.TextMeshPro.Editor.csproj", "{2BE1760C-EEE2-FF34-9BB4-940FB9EC11D0}"
EndProject
Project("{FAE04EC0-301F-11D3-BF4B-00C04F79EFBC}") = "Unity.2D.SpriteShape.Editor", "Unity.2D.SpriteShape.Editor.csproj", "{53DB75CE-C325-210A-B24E-E68A3BC2BE88}"
EndProject
Project("{FAE04EC0-301F-11D3-BF4B-00C04F79EFBC}") = "Unity.CollabProxy.Editor", "Unity.CollabProxy.Editor.csproj", "{DF15EF32-1F55-5FE8-99E8-A37AEB8BAEC0}"
EndProject
Project("{FAE04EC0-301F-11D3-BF4B-00C04F79EFBC}") = "PsdPlugin", "PsdPlugin.csproj", "{0140063B-EB51-3BF5-46C7-5EE8410DD184}"
EndProject
Project("{FAE04EC0-301F-11D3-BF4B-00C04F79EFBC}") = "Unity.2D.Path.Editor", "Unity.2D.Path.Editor.csproj", "{17CA11ED-29F3-D40F-A86C-3DEADF142E34}"
EndProject
Project("{FAE04EC0-301F-11D3-BF4B-00C04F79EFBC}") = "Unity.Rider.Editor", "Unity.Rider.Editor.csproj", "{C633893F-F657-0629-2C3E-7C6181DB0E65}"
EndProject
Project("{FAE04EC0-301F-11D3-BF4B-00C04F79EFBC}") = "Unity.2D.IK.Editor", "Unity.2D.IK.Editor.csproj", "{E381C71B-1137-E47C-B298-D02010BC3F66}"
EndProject
Project("{FAE04EC0-301F-11D3-BF4B-00C04F79EFBC}") = "Unity.2D.Sprite.Editor", "Unity.2D.Sprite.Editor.csproj", "{D29C8D81-0AFD-A126-DCC3-579F5D42C47D}"
EndProject
Project("{FAE04EC0-301F-11D3-BF4B-00C04F79EFBC}") = "Unity.2D.Tilemap.Editor", "Unity.2D.Tilemap.Editor.csproj", "{5A905DFB-CAF1-EEDF-ED93-0DD22F927ECD}"
EndProject
Project("{FAE04EC0-301F-11D3-BF4B-00C04F79EFBC}") = "Unity.2D.PixelPerfect.Editor", "Unity.2D.PixelPerfect.Editor.csproj", "{A736C8A8-3DB6-2B04-B791-8B6205F84B91}"
EndProject
Project("{FAE04EC0-301F-11D3-BF4B-00C04F79EFBC}") = "Unity.VSCode.Editor", "Unity.VSCode.Editor.csproj", "{25E82BCD-D238-EDCA-EED0-4A783A1F5911}"
EndProject
Project("{FAE04EC0-301F-11D3-BF4B-00C04F79EFBC}") = "Unity.2D.Common.Editor", "Unity.2D.Common.Editor.csproj", "{5B49F6D8-AD29-E063-E760-4A181CCEC743}"
EndProject
Project("{FAE04EC0-301F-11D3-BF4B-00C04F79EFBC}") = "Unity.Mathematics.Editor", "Unity.Mathematics.Editor.csproj", "{1E2D422F-1CE9-1012-4DC2-58141F7FE2FD}"
EndProject
Project("{FAE04EC0-301F-11D3-BF4B-00C04F79EFBC}") = "Unity.InternalAPIEditorBridge.001", "Unity.InternalAPIEditorBridge.001.csproj", "{B2B81D1D-061A-9013-9DB9-F74F76AD5110}"
EndProject
Project("{FAE04EC0-301F-11D3-BF4B-00C04F79EFBC}") = "UnityEngine.UI", "UnityEngine.UI.Player.csproj", "{7023EBBB-DDF6-9A84-74D7-E1B3668BA9AC}"
EndProject
Project("{FAE04EC0-301F-11D3-BF4B-00C04F79EFBC}") = "UnityEngine.TestRunner", "UnityEngine.TestRunner.Player.csproj", "{9C075A2B-5DFC-3B7E-970C-1D0D1C81D1EF}"
EndProject
Project("{FAE04EC0-301F-11D3-BF4B-00C04F79EFBC}") = "Unity.Mathematics", "Unity.Mathematics.Player.csproj", "{6031783D-422A-31AB-C7D9-E86B0EA92FE8}"
EndProject
Project("{FAE04EC0-301F-11D3-BF4B-00C04F79EFBC}") = "Unity.Timeline", "Unity.Timeline.Player.csproj", "{2C671C89-DE6B-E21B-BAB8-87D8ABC1EE99}"
EndProject
Project("{FAE04EC0-301F-11D3-BF4B-00C04F79EFBC}") = "Unity.TextMeshPro", "Unity.TextMeshPro.Player.csproj", "{89B7CA5F-63F7-C76D-A4A8-337B46D6D9C9}"
EndProject
Project("{FAE04EC0-301F-11D3-BF4B-00C04F79EFBC}") = "Unity.2D.Animation.Runtime", "Unity.2D.Animation.Runtime.Player.csproj", "{6EDF1350-BFDC-CC18-47B1-E5CBCEF4A6C0}"
EndProject
Project("{FAE04EC0-301F-11D3-BF4B-00C04F79EFBC}") = "Assembly-CSharp", "Assembly-CSharp.Player.csproj", "{29ABDF82-52E0-6380-707F-9F41079B057C}"
EndProject
Project("{FAE04EC0-301F-11D3-BF4B-00C04F79EFBC}") = "Unity.2D.IK.Runtime", "Unity.2D.IK.Runtime.Player.csproj", "{153CD903-BAC4-D864-89F4-E6C87B79113C}"
EndProject
Project("{FAE04EC0-301F-11D3-BF4B-00C04F79EFBC}") = "Unity.2D.SpriteShape.Runtime", "Unity.2D.SpriteShape.Runtime.Player.csproj", "{F7B577E4-D6A0-C4C0-FD4C-701AD4ABB79A}"
EndProject
Project("{FAE04EC0-301F-11D3-BF4B-00C04F79EFBC}") = "Unity.2D.PixelPerfect", "Unity.2D.PixelPerfect.Player.csproj", "{48003F71-5F50-2DE9-AAB0-2E7E306C0330}"
EndProject
Project("{FAE04EC0-301F-11D3-BF4B-00C04F79EFBC}") = "Unity.2D.Common.Runtime", "Unity.2D.Common.Runtime.Player.csproj", "{57F6B9F6-5662-52A8-AF1D-99BC7BC73508}"
EndProject
Project("{FAE04EC0-301F-11D3-BF4B-00C04F79EFBC}") = "Unity.InternalAPIEngineBridge.001", "Unity.InternalAPIEngineBridge.001.Player.csproj", "{1EA3C18A-9639-F2F8-E139-230B4349B585}"
EndProject
Global
	GlobalSection(SolutionConfigurationPlatforms) = preSolution
		Debug|Any CPU = Debug|Any CPU
		Release|Any CPU = Release|Any CPU
	EndGlobalSection
	GlobalSection(ProjectConfigurationPlatforms) = postSolution
		{55561679-B7B1-DB1C-FC20-CFBBC46CE376}.Debug|Any CPU.ActiveCfg = Debug|Any CPU
		{55561679-B7B1-DB1C-FC20-CFBBC46CE376}.Debug|Any CPU.Build.0 = Debug|Any CPU
		{55561679-B7B1-DB1C-FC20-CFBBC46CE376}.Release|Any CPU.ActiveCfg = Release|Any CPU
		{55561679-B7B1-DB1C-FC20-CFBBC46CE376}.Release|Any CPU.Build.0 = Release|Any CPU
		{817EC21A-3DC5-27AA-F063-B73006C024B4}.Debug|Any CPU.ActiveCfg = Debug|Any CPU
		{817EC21A-3DC5-27AA-F063-B73006C024B4}.Debug|Any CPU.Build.0 = Debug|Any CPU
		{817EC21A-3DC5-27AA-F063-B73006C024B4}.Release|Any CPU.ActiveCfg = Release|Any CPU
		{817EC21A-3DC5-27AA-F063-B73006C024B4}.Release|Any CPU.Build.0 = Release|Any CPU
		{61251409-4B3A-12BA-1370-0CD20F164A2A}.Debug|Any CPU.ActiveCfg = Debug|Any CPU
		{61251409-4B3A-12BA-1370-0CD20F164A2A}.Debug|Any CPU.Build.0 = Debug|Any CPU
		{61251409-4B3A-12BA-1370-0CD20F164A2A}.Release|Any CPU.ActiveCfg = Release|Any CPU
		{61251409-4B3A-12BA-1370-0CD20F164A2A}.Release|Any CPU.Build.0 = Release|Any CPU
		{549AA004-A893-F079-8986-A363FBF94E08}.Debug|Any CPU.ActiveCfg = Debug|Any CPU
		{549AA004-A893-F079-8986-A363FBF94E08}.Debug|Any CPU.Build.0 = Debug|Any CPU
		{549AA004-A893-F079-8986-A363FBF94E08}.Release|Any CPU.ActiveCfg = Release|Any CPU
		{549AA004-A893-F079-8986-A363FBF94E08}.Release|Any CPU.Build.0 = Release|Any CPU
		{8B480334-59B4-0202-625E-69188625C3C4}.Debug|Any CPU.ActiveCfg = Debug|Any CPU
		{8B480334-59B4-0202-625E-69188625C3C4}.Debug|Any CPU.Build.0 = Debug|Any CPU
		{8B480334-59B4-0202-625E-69188625C3C4}.Release|Any CPU.ActiveCfg = Release|Any CPU
		{8B480334-59B4-0202-625E-69188625C3C4}.Release|Any CPU.Build.0 = Release|Any CPU
		{3F28ECD9-4340-CAE1-95AB-1F22393B9E01}.Debug|Any CPU.ActiveCfg = Debug|Any CPU
		{3F28ECD9-4340-CAE1-95AB-1F22393B9E01}.Debug|Any CPU.Build.0 = Debug|Any CPU
		{3F28ECD9-4340-CAE1-95AB-1F22393B9E01}.Release|Any CPU.ActiveCfg = Release|Any CPU
		{3F28ECD9-4340-CAE1-95AB-1F22393B9E01}.Release|Any CPU.Build.0 = Release|Any CPU
		{4AE6393A-8C45-7BC3-0159-A57D34CBDFB6}.Debug|Any CPU.ActiveCfg = Debug|Any CPU
		{4AE6393A-8C45-7BC3-0159-A57D34CBDFB6}.Debug|Any CPU.Build.0 = Debug|Any CPU
		{4AE6393A-8C45-7BC3-0159-A57D34CBDFB6}.Release|Any CPU.ActiveCfg = Release|Any CPU
		{4AE6393A-8C45-7BC3-0159-A57D34CBDFB6}.Release|Any CPU.Build.0 = Release|Any CPU
		{289F1108-49FD-24BA-5DDE-518DD92E647B}.Debug|Any CPU.ActiveCfg = Debug|Any CPU
		{289F1108-49FD-24BA-5DDE-518DD92E647B}.Debug|Any CPU.Build.0 = Debug|Any CPU
		{289F1108-49FD-24BA-5DDE-518DD92E647B}.Release|Any CPU.ActiveCfg = Release|Any CPU
		{289F1108-49FD-24BA-5DDE-518DD92E647B}.Release|Any CPU.Build.0 = Release|Any CPU
		{CE4F3343-5326-4929-7856-B368E0477837}.Debug|Any CPU.ActiveCfg = Debug|Any CPU
		{CE4F3343-5326-4929-7856-B368E0477837}.Debug|Any CPU.Build.0 = Debug|Any CPU
		{CE4F3343-5326-4929-7856-B368E0477837}.Release|Any CPU.ActiveCfg = Release|Any CPU
		{CE4F3343-5326-4929-7856-B368E0477837}.Release|Any CPU.Build.0 = Release|Any CPU
		{BD26F350-AC60-8A2E-2634-7C514729C02C}.Debug|Any CPU.ActiveCfg = Debug|Any CPU
		{BD26F350-AC60-8A2E-2634-7C514729C02C}.Debug|Any CPU.Build.0 = Debug|Any CPU
		{BD26F350-AC60-8A2E-2634-7C514729C02C}.Release|Any CPU.ActiveCfg = Release|Any CPU
		{BD26F350-AC60-8A2E-2634-7C514729C02C}.Release|Any CPU.Build.0 = Release|Any CPU
		{58997AC9-999D-07D8-DA26-67A9628ADBF8}.Debug|Any CPU.ActiveCfg = Debug|Any CPU
		{58997AC9-999D-07D8-DA26-67A9628ADBF8}.Debug|Any CPU.Build.0 = Debug|Any CPU
		{58997AC9-999D-07D8-DA26-67A9628ADBF8}.Release|Any CPU.ActiveCfg = Release|Any CPU
		{58997AC9-999D-07D8-DA26-67A9628ADBF8}.Release|Any CPU.Build.0 = Release|Any CPU
		{1CD06F3D-E6FE-986D-E1C7-EAB7CC0E55C3}.Debug|Any CPU.ActiveCfg = Debug|Any CPU
		{1CD06F3D-E6FE-986D-E1C7-EAB7CC0E55C3}.Debug|Any CPU.Build.0 = Debug|Any CPU
		{1CD06F3D-E6FE-986D-E1C7-EAB7CC0E55C3}.Release|Any CPU.ActiveCfg = Release|Any CPU
		{1CD06F3D-E6FE-986D-E1C7-EAB7CC0E55C3}.Release|Any CPU.Build.0 = Release|Any CPU
		{86295255-CD40-33CE-020E-F580F95466C1}.Debug|Any CPU.ActiveCfg = Debug|Any CPU
		{86295255-CD40-33CE-020E-F580F95466C1}.Debug|Any CPU.Build.0 = Debug|Any CPU
		{86295255-CD40-33CE-020E-F580F95466C1}.Release|Any CPU.ActiveCfg = Release|Any CPU
		{86295255-CD40-33CE-020E-F580F95466C1}.Release|Any CPU.Build.0 = Release|Any CPU
		{05CBABA6-C4F2-95FB-1DA2-58A27CF52EC6}.Debug|Any CPU.ActiveCfg = Debug|Any CPU
		{05CBABA6-C4F2-95FB-1DA2-58A27CF52EC6}.Debug|Any CPU.Build.0 = Debug|Any CPU
		{05CBABA6-C4F2-95FB-1DA2-58A27CF52EC6}.Release|Any CPU.ActiveCfg = Release|Any CPU
		{05CBABA6-C4F2-95FB-1DA2-58A27CF52EC6}.Release|Any CPU.Build.0 = Release|Any CPU
		{3E3473E3-761A-D3B5-649C-9B532288BC4F}.Debug|Any CPU.ActiveCfg = Debug|Any CPU
		{3E3473E3-761A-D3B5-649C-9B532288BC4F}.Debug|Any CPU.Build.0 = Debug|Any CPU
		{3E3473E3-761A-D3B5-649C-9B532288BC4F}.Release|Any CPU.ActiveCfg = Release|Any CPU
		{3E3473E3-761A-D3B5-649C-9B532288BC4F}.Release|Any CPU.Build.0 = Release|Any CPU
		{26B956E9-B5C8-8D1E-0B98-5AC3F74F9AAF}.Debug|Any CPU.ActiveCfg = Debug|Any CPU
		{26B956E9-B5C8-8D1E-0B98-5AC3F74F9AAF}.Debug|Any CPU.Build.0 = Debug|Any CPU
		{26B956E9-B5C8-8D1E-0B98-5AC3F74F9AAF}.Release|Any CPU.ActiveCfg = Release|Any CPU
		{26B956E9-B5C8-8D1E-0B98-5AC3F74F9AAF}.Release|Any CPU.Build.0 = Release|Any CPU
		{DFB63745-1BA4-7F43-5B1D-718E3BF32170}.Debug|Any CPU.ActiveCfg = Debug|Any CPU
		{DFB63745-1BA4-7F43-5B1D-718E3BF32170}.Debug|Any CPU.Build.0 = Debug|Any CPU
		{DFB63745-1BA4-7F43-5B1D-718E3BF32170}.Release|Any CPU.ActiveCfg = Release|Any CPU
		{DFB63745-1BA4-7F43-5B1D-718E3BF32170}.Release|Any CPU.Build.0 = Release|Any CPU
		{29CD5F1E-09E8-C8C6-D885-CAE683148777}.Debug|Any CPU.ActiveCfg = Debug|Any CPU
		{29CD5F1E-09E8-C8C6-D885-CAE683148777}.Debug|Any CPU.Build.0 = Debug|Any CPU
		{29CD5F1E-09E8-C8C6-D885-CAE683148777}.Release|Any CPU.ActiveCfg = Release|Any CPU
		{29CD5F1E-09E8-C8C6-D885-CAE683148777}.Release|Any CPU.Build.0 = Release|Any CPU
		{48CEBCD4-0FE2-0DEA-FA56-1234E7CD243E}.Debug|Any CPU.ActiveCfg = Debug|Any CPU
		{48CEBCD4-0FE2-0DEA-FA56-1234E7CD243E}.Debug|Any CPU.Build.0 = Debug|Any CPU
		{48CEBCD4-0FE2-0DEA-FA56-1234E7CD243E}.Release|Any CPU.ActiveCfg = Release|Any CPU
		{48CEBCD4-0FE2-0DEA-FA56-1234E7CD243E}.Release|Any CPU.Build.0 = Release|Any CPU
		{F3E31F39-9B2B-AD20-E9CF-7895D00D4B1F}.Debug|Any CPU.ActiveCfg = Debug|Any CPU
		{F3E31F39-9B2B-AD20-E9CF-7895D00D4B1F}.Debug|Any CPU.Build.0 = Debug|Any CPU
		{F3E31F39-9B2B-AD20-E9CF-7895D00D4B1F}.Release|Any CPU.ActiveCfg = Release|Any CPU
		{F3E31F39-9B2B-AD20-E9CF-7895D00D4B1F}.Release|Any CPU.Build.0 = Release|Any CPU
		{81FC6CB3-574C-D0B8-AFB3-F457F96C6FEE}.Debug|Any CPU.ActiveCfg = Debug|Any CPU
		{81FC6CB3-574C-D0B8-AFB3-F457F96C6FEE}.Debug|Any CPU.Build.0 = Debug|Any CPU
		{81FC6CB3-574C-D0B8-AFB3-F457F96C6FEE}.Release|Any CPU.ActiveCfg = Release|Any CPU
		{81FC6CB3-574C-D0B8-AFB3-F457F96C6FEE}.Release|Any CPU.Build.0 = Release|Any CPU
		{2BE1760C-EEE2-FF34-9BB4-940FB9EC11D0}.Debug|Any CPU.ActiveCfg = Debug|Any CPU
		{2BE1760C-EEE2-FF34-9BB4-940FB9EC11D0}.Debug|Any CPU.Build.0 = Debug|Any CPU
		{2BE1760C-EEE2-FF34-9BB4-940FB9EC11D0}.Release|Any CPU.ActiveCfg = Release|Any CPU
		{2BE1760C-EEE2-FF34-9BB4-940FB9EC11D0}.Release|Any CPU.Build.0 = Release|Any CPU
		{53DB75CE-C325-210A-B24E-E68A3BC2BE88}.Debug|Any CPU.ActiveCfg = Debug|Any CPU
		{53DB75CE-C325-210A-B24E-E68A3BC2BE88}.Debug|Any CPU.Build.0 = Debug|Any CPU
		{53DB75CE-C325-210A-B24E-E68A3BC2BE88}.Release|Any CPU.ActiveCfg = Release|Any CPU
		{53DB75CE-C325-210A-B24E-E68A3BC2BE88}.Release|Any CPU.Build.0 = Release|Any CPU
		{DF15EF32-1F55-5FE8-99E8-A37AEB8BAEC0}.Debug|Any CPU.ActiveCfg = Debug|Any CPU
		{DF15EF32-1F55-5FE8-99E8-A37AEB8BAEC0}.Debug|Any CPU.Build.0 = Debug|Any CPU
		{DF15EF32-1F55-5FE8-99E8-A37AEB8BAEC0}.Release|Any CPU.ActiveCfg = Release|Any CPU
		{DF15EF32-1F55-5FE8-99E8-A37AEB8BAEC0}.Release|Any CPU.Build.0 = Release|Any CPU
		{0140063B-EB51-3BF5-46C7-5EE8410DD184}.Debug|Any CPU.ActiveCfg = Debug|Any CPU
		{0140063B-EB51-3BF5-46C7-5EE8410DD184}.Debug|Any CPU.Build.0 = Debug|Any CPU
		{0140063B-EB51-3BF5-46C7-5EE8410DD184}.Release|Any CPU.ActiveCfg = Release|Any CPU
		{0140063B-EB51-3BF5-46C7-5EE8410DD184}.Release|Any CPU.Build.0 = Release|Any CPU
		{17CA11ED-29F3-D40F-A86C-3DEADF142E34}.Debug|Any CPU.ActiveCfg = Debug|Any CPU
		{17CA11ED-29F3-D40F-A86C-3DEADF142E34}.Debug|Any CPU.Build.0 = Debug|Any CPU
		{17CA11ED-29F3-D40F-A86C-3DEADF142E34}.Release|Any CPU.ActiveCfg = Release|Any CPU
		{17CA11ED-29F3-D40F-A86C-3DEADF142E34}.Release|Any CPU.Build.0 = Release|Any CPU
		{C633893F-F657-0629-2C3E-7C6181DB0E65}.Debug|Any CPU.ActiveCfg = Debug|Any CPU
		{C633893F-F657-0629-2C3E-7C6181DB0E65}.Debug|Any CPU.Build.0 = Debug|Any CPU
		{C633893F-F657-0629-2C3E-7C6181DB0E65}.Release|Any CPU.ActiveCfg = Release|Any CPU
		{C633893F-F657-0629-2C3E-7C6181DB0E65}.Release|Any CPU.Build.0 = Release|Any CPU
		{E381C71B-1137-E47C-B298-D02010BC3F66}.Debug|Any CPU.ActiveCfg = Debug|Any CPU
		{E381C71B-1137-E47C-B298-D02010BC3F66}.Debug|Any CPU.Build.0 = Debug|Any CPU
		{E381C71B-1137-E47C-B298-D02010BC3F66}.Release|Any CPU.ActiveCfg = Release|Any CPU
		{E381C71B-1137-E47C-B298-D02010BC3F66}.Release|Any CPU.Build.0 = Release|Any CPU
		{D29C8D81-0AFD-A126-DCC3-579F5D42C47D}.Debug|Any CPU.ActiveCfg = Debug|Any CPU
		{D29C8D81-0AFD-A126-DCC3-579F5D42C47D}.Debug|Any CPU.Build.0 = Debug|Any CPU
		{D29C8D81-0AFD-A126-DCC3-579F5D42C47D}.Release|Any CPU.ActiveCfg = Release|Any CPU
		{D29C8D81-0AFD-A126-DCC3-579F5D42C47D}.Release|Any CPU.Build.0 = Release|Any CPU
		{5A905DFB-CAF1-EEDF-ED93-0DD22F927ECD}.Debug|Any CPU.ActiveCfg = Debug|Any CPU
		{5A905DFB-CAF1-EEDF-ED93-0DD22F927ECD}.Debug|Any CPU.Build.0 = Debug|Any CPU
		{5A905DFB-CAF1-EEDF-ED93-0DD22F927ECD}.Release|Any CPU.ActiveCfg = Release|Any CPU
		{5A905DFB-CAF1-EEDF-ED93-0DD22F927ECD}.Release|Any CPU.Build.0 = Release|Any CPU
		{A736C8A8-3DB6-2B04-B791-8B6205F84B91}.Debug|Any CPU.ActiveCfg = Debug|Any CPU
		{A736C8A8-3DB6-2B04-B791-8B6205F84B91}.Debug|Any CPU.Build.0 = Debug|Any CPU
		{A736C8A8-3DB6-2B04-B791-8B6205F84B91}.Release|Any CPU.ActiveCfg = Release|Any CPU
		{A736C8A8-3DB6-2B04-B791-8B6205F84B91}.Release|Any CPU.Build.0 = Release|Any CPU
		{25E82BCD-D238-EDCA-EED0-4A783A1F5911}.Debug|Any CPU.ActiveCfg = Debug|Any CPU
		{25E82BCD-D238-EDCA-EED0-4A783A1F5911}.Debug|Any CPU.Build.0 = Debug|Any CPU
		{25E82BCD-D238-EDCA-EED0-4A783A1F5911}.Release|Any CPU.ActiveCfg = Release|Any CPU
		{25E82BCD-D238-EDCA-EED0-4A783A1F5911}.Release|Any CPU.Build.0 = Release|Any CPU
		{5B49F6D8-AD29-E063-E760-4A181CCEC743}.Debug|Any CPU.ActiveCfg = Debug|Any CPU
		{5B49F6D8-AD29-E063-E760-4A181CCEC743}.Debug|Any CPU.Build.0 = Debug|Any CPU
		{5B49F6D8-AD29-E063-E760-4A181CCEC743}.Release|Any CPU.ActiveCfg = Release|Any CPU
		{5B49F6D8-AD29-E063-E760-4A181CCEC743}.Release|Any CPU.Build.0 = Release|Any CPU
		{1E2D422F-1CE9-1012-4DC2-58141F7FE2FD}.Debug|Any CPU.ActiveCfg = Debug|Any CPU
		{1E2D422F-1CE9-1012-4DC2-58141F7FE2FD}.Debug|Any CPU.Build.0 = Debug|Any CPU
		{1E2D422F-1CE9-1012-4DC2-58141F7FE2FD}.Release|Any CPU.ActiveCfg = Release|Any CPU
		{1E2D422F-1CE9-1012-4DC2-58141F7FE2FD}.Release|Any CPU.Build.0 = Release|Any CPU
		{B2B81D1D-061A-9013-9DB9-F74F76AD5110}.Debug|Any CPU.ActiveCfg = Debug|Any CPU
		{B2B81D1D-061A-9013-9DB9-F74F76AD5110}.Debug|Any CPU.Build.0 = Debug|Any CPU
		{B2B81D1D-061A-9013-9DB9-F74F76AD5110}.Release|Any CPU.ActiveCfg = Release|Any CPU
		{B2B81D1D-061A-9013-9DB9-F74F76AD5110}.Release|Any CPU.Build.0 = Release|Any CPU
		{7023EBBB-DDF6-9A84-74D7-E1B3668BA9AC}.Debug|Any CPU.ActiveCfg = Debug|Any CPU
		{7023EBBB-DDF6-9A84-74D7-E1B3668BA9AC}.Debug|Any CPU.Build.0 = Debug|Any CPU
		{7023EBBB-DDF6-9A84-74D7-E1B3668BA9AC}.Release|Any CPU.ActiveCfg = Release|Any CPU
		{7023EBBB-DDF6-9A84-74D7-E1B3668BA9AC}.Release|Any CPU.Build.0 = Release|Any CPU
		{9C075A2B-5DFC-3B7E-970C-1D0D1C81D1EF}.Debug|Any CPU.ActiveCfg = Debug|Any CPU
		{9C075A2B-5DFC-3B7E-970C-1D0D1C81D1EF}.Debug|Any CPU.Build.0 = Debug|Any CPU
		{9C075A2B-5DFC-3B7E-970C-1D0D1C81D1EF}.Release|Any CPU.ActiveCfg = Release|Any CPU
		{9C075A2B-5DFC-3B7E-970C-1D0D1C81D1EF}.Release|Any CPU.Build.0 = Release|Any CPU
		{6031783D-422A-31AB-C7D9-E86B0EA92FE8}.Debug|Any CPU.ActiveCfg = Debug|Any CPU
		{6031783D-422A-31AB-C7D9-E86B0EA92FE8}.Debug|Any CPU.Build.0 = Debug|Any CPU
		{6031783D-422A-31AB-C7D9-E86B0EA92FE8}.Release|Any CPU.ActiveCfg = Release|Any CPU
		{6031783D-422A-31AB-C7D9-E86B0EA92FE8}.Release|Any CPU.Build.0 = Release|Any CPU
		{2C671C89-DE6B-E21B-BAB8-87D8ABC1EE99}.Debug|Any CPU.ActiveCfg = Debug|Any CPU
		{2C671C89-DE6B-E21B-BAB8-87D8ABC1EE99}.Debug|Any CPU.Build.0 = Debug|Any CPU
		{2C671C89-DE6B-E21B-BAB8-87D8ABC1EE99}.Release|Any CPU.ActiveCfg = Release|Any CPU
		{2C671C89-DE6B-E21B-BAB8-87D8ABC1EE99}.Release|Any CPU.Build.0 = Release|Any CPU
		{89B7CA5F-63F7-C76D-A4A8-337B46D6D9C9}.Debug|Any CPU.ActiveCfg = Debug|Any CPU
		{89B7CA5F-63F7-C76D-A4A8-337B46D6D9C9}.Debug|Any CPU.Build.0 = Debug|Any CPU
		{89B7CA5F-63F7-C76D-A4A8-337B46D6D9C9}.Release|Any CPU.ActiveCfg = Release|Any CPU
		{89B7CA5F-63F7-C76D-A4A8-337B46D6D9C9}.Release|Any CPU.Build.0 = Release|Any CPU
		{6EDF1350-BFDC-CC18-47B1-E5CBCEF4A6C0}.Debug|Any CPU.ActiveCfg = Debug|Any CPU
		{6EDF1350-BFDC-CC18-47B1-E5CBCEF4A6C0}.Debug|Any CPU.Build.0 = Debug|Any CPU
		{6EDF1350-BFDC-CC18-47B1-E5CBCEF4A6C0}.Release|Any CPU.ActiveCfg = Release|Any CPU
		{6EDF1350-BFDC-CC18-47B1-E5CBCEF4A6C0}.Release|Any CPU.Build.0 = Release|Any CPU
		{29ABDF82-52E0-6380-707F-9F41079B057C}.Debug|Any CPU.ActiveCfg = Debug|Any CPU
		{29ABDF82-52E0-6380-707F-9F41079B057C}.Debug|Any CPU.Build.0 = Debug|Any CPU
		{29ABDF82-52E0-6380-707F-9F41079B057C}.Release|Any CPU.ActiveCfg = Release|Any CPU
		{29ABDF82-52E0-6380-707F-9F41079B057C}.Release|Any CPU.Build.0 = Release|Any CPU
		{153CD903-BAC4-D864-89F4-E6C87B79113C}.Debug|Any CPU.ActiveCfg = Debug|Any CPU
		{153CD903-BAC4-D864-89F4-E6C87B79113C}.Debug|Any CPU.Build.0 = Debug|Any CPU
		{153CD903-BAC4-D864-89F4-E6C87B79113C}.Release|Any CPU.ActiveCfg = Release|Any CPU
		{153CD903-BAC4-D864-89F4-E6C87B79113C}.Release|Any CPU.Build.0 = Release|Any CPU
		{F7B577E4-D6A0-C4C0-FD4C-701AD4ABB79A}.Debug|Any CPU.ActiveCfg = Debug|Any CPU
		{F7B577E4-D6A0-C4C0-FD4C-701AD4ABB79A}.Debug|Any CPU.Build.0 = Debug|Any CPU
		{F7B577E4-D6A0-C4C0-FD4C-701AD4ABB79A}.Release|Any CPU.ActiveCfg = Release|Any CPU
		{F7B577E4-D6A0-C4C0-FD4C-701AD4ABB79A}.Release|Any CPU.Build.0 = Release|Any CPU
		{48003F71-5F50-2DE9-AAB0-2E7E306C0330}.Debug|Any CPU.ActiveCfg = Debug|Any CPU
		{48003F71-5F50-2DE9-AAB0-2E7E306C0330}.Debug|Any CPU.Build.0 = Debug|Any CPU
		{48003F71-5F50-2DE9-AAB0-2E7E306C0330}.Release|Any CPU.ActiveCfg = Release|Any CPU
		{48003F71-5F50-2DE9-AAB0-2E7E306C0330}.Release|Any CPU.Build.0 = Release|Any CPU
		{57F6B9F6-5662-52A8-AF1D-99BC7BC73508}.Debug|Any CPU.ActiveCfg = Debug|Any CPU
		{57F6B9F6-5662-52A8-AF1D-99BC7BC73508}.Debug|Any CPU.Build.0 = Debug|Any CPU
		{57F6B9F6-5662-52A8-AF1D-99BC7BC73508}.Release|Any CPU.ActiveCfg = Release|Any CPU
		{57F6B9F6-5662-52A8-AF1D-99BC7BC73508}.Release|Any CPU.Build.0 = Release|Any CPU
		{1EA3C18A-9639-F2F8-E139-230B4349B585}.Debug|Any CPU.ActiveCfg = Debug|Any CPU
		{1EA3C18A-9639-F2F8-E139-230B4349B585}.Debug|Any CPU.Build.0 = Debug|Any CPU
		{1EA3C18A-9639-F2F8-E139-230B4349B585}.Release|Any CPU.ActiveCfg = Release|Any CPU
		{1EA3C18A-9639-F2F8-E139-230B4349B585}.Release|Any CPU.Build.0 = Release|Any CPU
	EndGlobalSection
	GlobalSection(SolutionProperties) = preSolution
		HideSolutionNode = FALSE
	EndGlobalSection
EndGlobal
